
Microsoft Visual Studio Solution File, Format Version 12.00
# Visual Studio 14
VisualStudioVersion = 14.0.24720.0
MinimumVisualStudioVersion = 10.0.40219.1
Project("{8BC9CEB8-8B4A-11D0-8D11-00A0C91BC942}") = "vector", "vector\ConsoleApplication5.vcxproj", "{AF32CCF9-D8CB-4286-9C1F-ACBC03C97357}"
EndProject
Project("{8BC9CEB8-8B4A-11D0-8D11-00A0C91BC942}") = "AppTests", "AppTests\AppTests.vcxproj", "{5DA4C995-E817-4DD1-8277-67F5E58FBA02}"
EndProject
Project("{8BC9CEB8-8B4A-11D0-8D11-00A0C91BC942}") = "dictionary", "dictionary\dictionary.vcxproj", "{4375AB8F-79E6-4B0A-B70C-1B0209BCB11E}"
EndProject
Global
	GlobalSection(SolutionConfigurationPlatforms) = preSolution
		Debug|x64 = Debug|x64
		Debug|x86 = Debug|x86
		Release|x64 = Release|x64
		Release|x86 = Release|x86
	EndGlobalSection
	GlobalSection(ProjectConfigurationPlatforms) = postSolution
		{AF32CCF9-D8CB-4286-9C1F-ACBC03C97357}.Debug|x64.ActiveCfg = Debug|x64
		{AF32CCF9-D8CB-4286-9C1F-ACBC03C97357}.Debug|x64.Build.0 = Debug|x64
		{AF32CCF9-D8CB-4286-9C1F-ACBC03C97357}.Debug|x86.ActiveCfg = Debug|Win32
		{AF32CCF9-D8CB-4286-9C1F-ACBC03C97357}.Debug|x86.Build.0 = Debug|Win32
		{AF32CCF9-D8CB-4286-9C1F-ACBC03C97357}.Release|x64.ActiveCfg = Release|x64
		{AF32CCF9-D8CB-4286-9C1F-ACBC03C97357}.Release|x64.Build.0 = Release|x64
		{AF32CCF9-D8CB-4286-9C1F-ACBC03C97357}.Release|x86.ActiveCfg = Release|Win32
		{AF32CCF9-D8CB-4286-9C1F-ACBC03C97357}.Release|x86.Build.0 = Release|Win32
		{5DA4C995-E817-4DD1-8277-67F5E58FBA02}.Debug|x64.ActiveCfg = Debug|x64
		{5DA4C995-E817-4DD1-8277-67F5E58FBA02}.Debug|x64.Build.0 = Debug|x64
		{5DA4C995-E817-4DD1-8277-67F5E58FBA02}.Debug|x86.ActiveCfg = Debug|Win32
		{5DA4C995-E817-4DD1-8277-67F5E58FBA02}.Debug|x86.Build.0 = Debug|Win32
		{5DA4C995-E817-4DD1-8277-67F5E58FBA02}.Release|x64.ActiveCfg = Release|x64
		{5DA4C995-E817-4DD1-8277-67F5E58FBA02}.Release|x64.Build.0 = Release|x64
		{5DA4C995-E817-4DD1-8277-67F5E58FBA02}.Release|x86.ActiveCfg = Release|Win32
		{5DA4C995-E817-4DD1-8277-67F5E58FBA02}.Release|x86.Build.0 = Release|Win32
		{4375AB8F-79E6-4B0A-B70C-1B0209BCB11E}.Debug|x64.ActiveCfg = Debug|x64
		{4375AB8F-79E6-4B0A-B70C-1B0209BCB11E}.Debug|x64.Build.0 = Debug|x64
		{4375AB8F-79E6-4B0A-B70C-1B0209BCB11E}.Debug|x86.ActiveCfg = Debug|Win32
		{4375AB8F-79E6-4B0A-B70C-1B0209BCB11E}.Debug|x86.Build.0 = Debug|Win32
		{4375AB8F-79E6-4B0A-B70C-1B0209BCB11E}.Release|x64.ActiveCfg = Release|x64
		{4375AB8F-79E6-4B0A-B70C-1B0209BCB11E}.Release|x64.Build.0 = Release|x64
		{4375AB8F-79E6-4B0A-B70C-1B0209BCB11E}.Release|x86.ActiveCfg = Release|Win32
		{4375AB8F-79E6-4B0A-B70C-1B0209BCB11E}.Release|x86.Build.0 = Release|Win32
	EndGlobalSection
	GlobalSection(SolutionProperties) = preSolution
		HideSolutionNode = FALSE
	EndGlobalSection
EndGlobal
